
Microsoft Visual Studio Solution File, Format Version 12.00
# Visual Studio Version 17
VisualStudioVersion = 17.5.33530.505
MinimumVisualStudioVersion = 10.0.40219.1
Project("{8BC9CEB8-8B4A-11D0-8D11-00A0C91BC942}") = "Sort", "Sort\Sort.vcxproj", "{0F4A53F4-DD80-40AB-A6B3-045944A983F5}"
EndProject
Project("{8BC9CEB8-8B4A-11D0-8D11-00A0C91BC942}") = "DP_钢条切割问题", "DP_钢条切割问题\DP_钢条切割问题.vcxproj", "{A13817B3-E9CE-4A8F-89EB-C072E026D28D}"
EndProject
Project("{8BC9CEB8-8B4A-11D0-8D11-00A0C91BC942}") = "DP_矩阵链乘法问题", "DP_矩阵链乘法问题\DP_矩阵链乘法问题.vcxproj", "{8D524243-3710-4698-A917-2261847E54FB}"
EndProject
Project("{8BC9CEB8-8B4A-11D0-8D11-00A0C91BC942}") = "DP_最长公共子序列LCS问题", "DP_最长公共子序列问题LCS\DP_最长公共子序列问题LCS.vcxproj", "{B3C0E04C-DCD5-48EC-835D-E7E44138194D}"
EndProject
Project("{8BC9CEB8-8B4A-11D0-8D11-00A0C91BC942}") = "栈", "栈\栈.vcxproj", "{F065DAE3-8306-4F56-9522-9E92B95E929A}"
EndProject
Project("{8BC9CEB8-8B4A-11D0-8D11-00A0C91BC942}") = "队列", "队列\队列.vcxproj", "{CBE14FC2-68FA-4732-AD74-C4F18BA2CCE3}"
EndProject
Project("{8BC9CEB8-8B4A-11D0-8D11-00A0C91BC942}") = "Sort默写用", "Sort默写用\Sort默写用.vcxproj", "{D0BF9746-BA77-4B77-A112-EFEFB5EB80FC}"
EndProject
Project("{8BC9CEB8-8B4A-11D0-8D11-00A0C91BC942}") = "查找", "二分查找\二分查找.vcxproj", "{21E4888E-0E17-4D1B-9BDE-306EE16172EE}"
EndProject
Project("{8BC9CEB8-8B4A-11D0-8D11-00A0C91BC942}") = "BST二叉树", "BST二叉树\BST二叉树.vcxproj", "{94B5216C-16DF-429B-8009-C6C9A8103176}"
EndProject
Global
	GlobalSection(SolutionConfigurationPlatforms) = preSolution
		Debug|x64 = Debug|x64
		Debug|x86 = Debug|x86
		Release|x64 = Release|x64
		Release|x86 = Release|x86
	EndGlobalSection
	GlobalSection(ProjectConfigurationPlatforms) = postSolution
		{0F4A53F4-DD80-40AB-A6B3-045944A983F5}.Debug|x64.ActiveCfg = Debug|x64
		{0F4A53F4-DD80-40AB-A6B3-045944A983F5}.Debug|x64.Build.0 = Debug|x64
		{0F4A53F4-DD80-40AB-A6B3-045944A983F5}.Debug|x86.ActiveCfg = Debug|Win32
		{0F4A53F4-DD80-40AB-A6B3-045944A983F5}.Debug|x86.Build.0 = Debug|Win32
		{0F4A53F4-DD80-40AB-A6B3-045944A983F5}.Release|x64.ActiveCfg = Release|x64
		{0F4A53F4-DD80-40AB-A6B3-045944A983F5}.Release|x64.Build.0 = Release|x64
		{0F4A53F4-DD80-40AB-A6B3-045944A983F5}.Release|x86.ActiveCfg = Release|Win32
		{0F4A53F4-DD80-40AB-A6B3-045944A983F5}.Release|x86.Build.0 = Release|Win32
		{A13817B3-E9CE-4A8F-89EB-C072E026D28D}.Debug|x64.ActiveCfg = Debug|x64
		{A13817B3-E9CE-4A8F-89EB-C072E026D28D}.Debug|x64.Build.0 = Debug|x64
		{A13817B3-E9CE-4A8F-89EB-C072E026D28D}.Debug|x86.ActiveCfg = Debug|Win32
		{A13817B3-E9CE-4A8F-89EB-C072E026D28D}.Debug|x86.Build.0 = Debug|Win32
		{A13817B3-E9CE-4A8F-89EB-C072E026D28D}.Release|x64.ActiveCfg = Release|x64
		{A13817B3-E9CE-4A8F-89EB-C072E026D28D}.Release|x64.Build.0 = Release|x64
		{A13817B3-E9CE-4A8F-89EB-C072E026D28D}.Release|x86.ActiveCfg = Release|Win32
		{A13817B3-E9CE-4A8F-89EB-C072E026D28D}.Release|x86.Build.0 = Release|Win32
		{8D524243-3710-4698-A917-2261847E54FB}.Debug|x64.ActiveCfg = Debug|x64
		{8D524243-3710-4698-A917-2261847E54FB}.Debug|x64.Build.0 = Debug|x64
		{8D524243-3710-4698-A917-2261847E54FB}.Debug|x86.ActiveCfg = Debug|Win32
		{8D524243-3710-4698-A917-2261847E54FB}.Debug|x86.Build.0 = Debug|Win32
		{8D524243-3710-4698-A917-2261847E54FB}.Release|x64.ActiveCfg = Release|x64
		{8D524243-3710-4698-A917-2261847E54FB}.Release|x64.Build.0 = Release|x64
		{8D524243-3710-4698-A917-2261847E54FB}.Release|x86.ActiveCfg = Release|Win32
		{8D524243-3710-4698-A917-2261847E54FB}.Release|x86.Build.0 = Release|Win32
		{B3C0E04C-DCD5-48EC-835D-E7E44138194D}.Debug|x64.ActiveCfg = Debug|x64
		{B3C0E04C-DCD5-48EC-835D-E7E44138194D}.Debug|x64.Build.0 = Debug|x64
		{B3C0E04C-DCD5-48EC-835D-E7E44138194D}.Debug|x86.ActiveCfg = Debug|Win32
		{B3C0E04C-DCD5-48EC-835D-E7E44138194D}.Debug|x86.Build.0 = Debug|Win32
		{B3C0E04C-DCD5-48EC-835D-E7E44138194D}.Release|x64.ActiveCfg = Release|x64
		{B3C0E04C-DCD5-48EC-835D-E7E44138194D}.Release|x64.Build.0 = Release|x64
		{B3C0E04C-DCD5-48EC-835D-E7E44138194D}.Release|x86.ActiveCfg = Release|Win32
		{B3C0E04C-DCD5-48EC-835D-E7E44138194D}.Release|x86.Build.0 = Release|Win32
		{F065DAE3-8306-4F56-9522-9E92B95E929A}.Debug|x64.ActiveCfg = Debug|x64
		{F065DAE3-8306-4F56-9522-9E92B95E929A}.Debug|x64.Build.0 = Debug|x64
		{F065DAE3-8306-4F56-9522-9E92B95E929A}.Debug|x86.ActiveCfg = Debug|Win32
		{F065DAE3-8306-4F56-9522-9E92B95E929A}.Debug|x86.Build.0 = Debug|Win32
		{F065DAE3-8306-4F56-9522-9E92B95E929A}.Release|x64.ActiveCfg = Release|x64
		{F065DAE3-8306-4F56-9522-9E92B95E929A}.Release|x64.Build.0 = Release|x64
		{F065DAE3-8306-4F56-9522-9E92B95E929A}.Release|x86.ActiveCfg = Release|Win32
		{F065DAE3-8306-4F56-9522-9E92B95E929A}.Release|x86.Build.0 = Release|Win32
		{CBE14FC2-68FA-4732-AD74-C4F18BA2CCE3}.Debug|x64.ActiveCfg = Debug|x64
		{CBE14FC2-68FA-4732-AD74-C4F18BA2CCE3}.Debug|x64.Build.0 = Debug|x64
		{CBE14FC2-68FA-4732-AD74-C4F18BA2CCE3}.Debug|x86.ActiveCfg = Debug|Win32
		{CBE14FC2-68FA-4732-AD74-C4F18BA2CCE3}.Debug|x86.Build.0 = Debug|Win32
		{CBE14FC2-68FA-4732-AD74-C4F18BA2CCE3}.Release|x64.ActiveCfg = Release|x64
		{CBE14FC2-68FA-4732-AD74-C4F18BA2CCE3}.Release|x64.Build.0 = Release|x64
		{CBE14FC2-68FA-4732-AD74-C4F18BA2CCE3}.Release|x86.ActiveCfg = Release|Win32
		{CBE14FC2-68FA-4732-AD74-C4F18BA2CCE3}.Release|x86.Build.0 = Release|Win32
		{D0BF9746-BA77-4B77-A112-EFEFB5EB80FC}.Debug|x64.ActiveCfg = Debug|x64
		{D0BF9746-BA77-4B77-A112-EFEFB5EB80FC}.Debug|x64.Build.0 = Debug|x64
		{D0BF9746-BA77-4B77-A112-EFEFB5EB80FC}.Debug|x86.ActiveCfg = Debug|Win32
		{D0BF9746-BA77-4B77-A112-EFEFB5EB80FC}.Debug|x86.Build.0 = Debug|Win32
		{D0BF9746-BA77-4B77-A112-EFEFB5EB80FC}.Release|x64.ActiveCfg = Release|x64
		{D0BF9746-BA77-4B77-A112-EFEFB5EB80FC}.Release|x64.Build.0 = Release|x64
		{D0BF9746-BA77-4B77-A112-EFEFB5EB80FC}.Release|x86.ActiveCfg = Release|Win32
		{D0BF9746-BA77-4B77-A112-EFEFB5EB80FC}.Release|x86.Build.0 = Release|Win32
		{21E4888E-0E17-4D1B-9BDE-306EE16172EE}.Debug|x64.ActiveCfg = Debug|x64
		{21E4888E-0E17-4D1B-9BDE-306EE16172EE}.Debug|x64.Build.0 = Debug|x64
		{21E4888E-0E17-4D1B-9BDE-306EE16172EE}.Debug|x86.ActiveCfg = Debug|Win32
		{21E4888E-0E17-4D1B-9BDE-306EE16172EE}.Debug|x86.Build.0 = Debug|Win32
		{21E4888E-0E17-4D1B-9BDE-306EE16172EE}.Release|x64.ActiveCfg = Release|x64
		{21E4888E-0E17-4D1B-9BDE-306EE16172EE}.Release|x64.Build.0 = Release|x64
		{21E4888E-0E17-4D1B-9BDE-306EE16172EE}.Release|x86.ActiveCfg = Release|Win32
		{21E4888E-0E17-4D1B-9BDE-306EE16172EE}.Release|x86.Build.0 = Release|Win32
		{94B5216C-16DF-429B-8009-C6C9A8103176}.Debug|x64.ActiveCfg = Debug|x64
		{94B5216C-16DF-429B-8009-C6C9A8103176}.Debug|x64.Build.0 = Debug|x64
		{94B5216C-16DF-429B-8009-C6C9A8103176}.Debug|x86.ActiveCfg = Debug|Win32
		{94B5216C-16DF-429B-8009-C6C9A8103176}.Debug|x86.Build.0 = Debug|Win32
		{94B5216C-16DF-429B-8009-C6C9A8103176}.Release|x64.ActiveCfg = Release|x64
		{94B5216C-16DF-429B-8009-C6C9A8103176}.Release|x64.Build.0 = Release|x64
		{94B5216C-16DF-429B-8009-C6C9A8103176}.Release|x86.ActiveCfg = Release|Win32
		{94B5216C-16DF-429B-8009-C6C9A8103176}.Release|x86.Build.0 = Release|Win32
	EndGlobalSection
	GlobalSection(SolutionProperties) = preSolution
		HideSolutionNode = FALSE
	EndGlobalSection
	GlobalSection(ExtensibilityGlobals) = postSolution
		SolutionGuid = {BAB919BB-8397-499B-8B6B-F52BACC5AB9F}
	EndGlobalSection
EndGlobal
